#MicroXplorer Configuration settings - do not modify
Mcu.Family=STM32F1
ProjectManager.MainLocation=Src
RCC.MCOFreq_Value=4000000
PB13.GPIOParameters=GPIO_Label
PA6.Mode=Full_Duplex_Master
SH.S_TIM1_CH4.0=TIM1_CH4,PWM Generation4 CH4
ProjectManager.KeepUserCode=true
Mcu.UserName=STM32F103C8Tx
SPI1.VirtualType=VM_MASTER
PB4.GPIO_ModeDefaultEXTI=GPIO_MODE_IT_FALLING
TIM1.IPParameters=Period,TIM_MasterOutputTrigger,Channel-PWM Generation4 CH4
RCC.PLLCLKFreq_Value=8000000
PB14.GPIO_Label=L7_EN
ProjectManager.functionlistsort=1-MX_GPIO_Init-GPIO-false-HAL-true,2-SystemClock_Config-RCC-false-HAL-false,3-MX_I2C1_Init-I2C1-false-HAL-true,4-MX_RTC_Init-RTC-false-HAL-true,5-MX_SPI1_Init-SPI1-false-HAL-true,6-MX_TIM1_Init-TIM1-false-HAL-true,7-MX_TIM2_Init-TIM2-false-HAL-true,8-MX_USART1_UART_Init-USART1-false-HAL-true
PA9.GPIOParameters=GPIO_Label
VP_RTC_VS_RTC_Activate.Mode=RTC_Enabled
RCC.RTCFreq_Value=40000
RCC.ADCFreqValue=2000000
PA6.GPIO_Label=SOUT_3V3
PB0.GPIO_Label=DCPRG_3V3
TIM2.Pulse-Output\ Compare2\ CH2=1
NVIC.TIM1_UP_IRQn=true\:0\:0\:true\:false\:true\:true\:true
USART1.IPParameters=VirtualMode
PB13.GPIO_Label=L6_EN
PB11.Signal=GPIO_Output
PB13.Signal=GPIO_Output
PB15.Signal=GPIO_Output
PinOutPanel.RotationAngle=0
RCC.SYSCLKSource=RCC_SYSCLKSOURCE_HSE
ProjectManager.StackSize=0x2000
PB5.GPIOParameters=GPIO_Label,GPIO_ModeDefaultEXTI
PD1-OSC_OUT.Signal=RCC_OSC_OUT
Mcu.IP4=SPI1
RCC.FCLKCortexFreq_Value=4000000
Mcu.IP5=SYS
NVIC.SVCall_IRQn=true\:0\:0\:false\:false\:true\:false\:false
Mcu.IP2=RCC
Mcu.IP3=RTC
PA15.GPIO_Label=ESP8266_EN
PB4.GPIOParameters=GPIO_Label,GPIO_ModeDefaultEXTI
Mcu.IP0=I2C1
Mcu.IP1=NVIC
Mcu.UserConstants=
Mcu.ThirdPartyNb=0
TIM1.Channel-PWM\ Generation4\ CH4=TIM_CHANNEL_4
SPI1.Direction=SPI_DIRECTION_2LINES
RCC.HCLKFreq_Value=4000000
Mcu.IPNb=9
TIM2.IPParameters=Channel-Output Compare2 CH2,Period,OCMode_2,Pulse-Output Compare2 CH2
ProjectManager.PreviousToolchain=SW4STM32
RCC.APB2TimFreq_Value=4000000
PB6.Signal=I2C1_SCL
PB6.Mode=I2C
SPI1.CalculateBaudRate=2.0 MBits/s
PA8.GPIOParameters=GPIO_Label
Mcu.Pin6=PA7
Mcu.Pin7=PB0
Mcu.Pin8=PB1
Mcu.Pin9=PB10
RCC.AHBFreq_Value=4000000
PB13.Locked=true
Mcu.Pin0=PD0-OSC_IN
Mcu.Pin1=PD1-OSC_OUT
GPIO.groupedBy=Group By Peripherals
Mcu.Pin2=PA1
Mcu.Pin3=PA4
Mcu.Pin4=PA5
Mcu.Pin5=PA6
ProjectManager.ProjectBuild=false
RCC.HSE_VALUE=4000000
NVIC.UsageFault_IRQn=true\:0\:0\:false\:false\:true\:false\:false
NVIC.DebugMonitor_IRQn=true\:0\:0\:false\:false\:true\:false\:false
PA8.Locked=true
PA4.Locked=true
NVIC.SysTick_IRQn=true\:0\:0\:false\:false\:true\:false\:true
PB12.GPIO_Label=L5_EN
ProjectManager.FirmwarePackage=STM32Cube FW_F1 V1.8.0
MxDb.Version=DB.5.0.60
PB0.GPIOParameters=GPIO_Label
PB3.GPIO_PuPd=GPIO_PULLUP
PA1.GPIOParameters=GPIO_Label
ProjectManager.BackupPrevious=false
PA14.Mode=Serial_Wire
PB1.GPIO_Label=VPRG_3V3
File.Version=6
PA10.GPIO_Label=ESP8266_TX_STM32_RX
PB3.GPIOParameters=GPIO_PuPd,GPIO_Label
PB7.Signal=I2C1_SDA
PB8.Locked=true
PA8.Signal=GPIO_Output
NVIC.PendSV_IRQn=true\:0\:0\:false\:false\:true\:false\:false
ProjectManager.HalAssertFull=false
PB0.Locked=true
ProjectManager.ProjectName=Eight Cubed RGB
RCC.PLLMCOFreq_Value=4000000
Mcu.Package=LQFP48
PB9.Signal=GPIO_Output
TIM2.Channel-Output\ Compare2\ CH2=TIM_CHANNEL_2
TIM2.OCMode_2=TIM_OCMODE_TOGGLE
PB1.Signal=GPIO_Output
PA6.Signal=SPI1_MISO
PA14.Locked=true
ProjectManager.ToolChainLocation=
VP_SYS_VS_Systick.Signal=SYS_VS_Systick
SH.GPXTI5.ConfNb=1
PA10.Signal=USART1_RX
PA15.Signal=GPIO_Output
PA5.GPIOParameters=GPIO_Label
PB14.GPIOParameters=GPIO_Label
PB5.GPIO_Label=Wheel_IRQ
RCC.APB1TimFreq_Value=4000000
NVIC.BusFault_IRQn=true\:0\:0\:false\:false\:true\:false\:false
TIM1.Period=16383
PB10.GPIOParameters=GPIO_Label
SPI1.BaudRatePrescaler=SPI_BAUDRATEPRESCALER_2
PA4.GPIO_Label=XLAT_3V3
ProjectManager.CustomerFirmwarePackage=
PB15.Locked=true
PB3.Locked=true
PB4.Signal=GPXTI4
PA5.Mode=Full_Duplex_Master
PB3.GPIO_Label=XERR
PB5.GPIO_ModeDefaultEXTI=GPIO_MODE_IT_FALLING
VP_RTC_VS_RTC_Activate.Signal=RTC_VS_RTC_Activate
PA6.GPIOParameters=GPIO_Label
RCC.PLLSourceVirtual=RCC_PLLSOURCE_HSE
NVIC.EXTI4_IRQn=true\:2\:0\:true\:false\:true\:true\:true
SH.GPXTI5.0=GPIO_EXTI5
ProjectManager.ProjectFileName=Eight Cubed RGB.ioc
PB8.GPIOParameters=GPIO_Label
PA7.Mode=Full_Duplex_Master
PD1-OSC_OUT.Mode=HSE-External-Oscillator
PB9.GPIO_Label=L2_EN
PA10.Mode=Asynchronous
PA15.GPIOParameters=GPIO_Label
Mcu.PinsNb=31
ProjectManager.NoMain=false
SPI1.IPParameters=VirtualType,Mode,Direction,CalculateBaudRate,BaudRatePrescaler
PA9.GPIO_Label=ESP8266_RX_STM32_TX
PB11.GPIO_Label=L4_EN
ProjectManager.DefaultFWLocation=true
PD0-OSC_IN.Signal=RCC_OSC_IN
PB12.Locked=true
ProjectManager.DeletePrevious=true
PB14.Locked=true
PB10.Locked=true
RCC.FamilyName=M
PB9.GPIOParameters=GPIO_Label
PA13.Signal=SYS_JTMS-SWDIO
PB8.GPIO_Label=L1_EN
SH.S_TIM2_CH2.0=TIM2_CH2,Output Compare2 CH2
PA15.Locked=true
PA11.Locked=true
PA9.Mode=Asynchronous
PA8.GPIO_Label=BLANK_3V3
ProjectManager.TargetToolchain=MDK-ARM V5.27
PB10.GPIO_Label=L3_EN
PA9.Signal=USART1_TX
SH.S_TIM2_CH2.ConfNb=1
PB11.GPIOParameters=GPIO_Label
PB5.Locked=true
PB9.Locked=true
RCC.USBFreq_Value=8000000
PA1.Signal=S_TIM2_CH2
PB1.Locked=true
PB10.Signal=GPIO_Output
PD0-OSC_IN.Mode=HSE-External-Oscillator
PB14.Signal=GPIO_Output
PA5.Signal=SPI1_SCK
board=custom
ProjectManager.LastFirmware=false
RCC.VCOOutput2Freq_Value=4000000
TIM1.TIM_MasterOutputTrigger=TIM_TRGO_UPDATE
RCC.APB2Freq_Value=4000000
MxCube.Version=5.6.1
PB4.GPIO_Label=Keypad_IRQ
PB15.GPIO_Label=L8_EN
SPI1.Mode=SPI_MODE_MASTER
Mcu.Pin30=VP_SYS_VS_Systick
PA1.GPIO_Label=GSCK_3V3
PA10.GPIOParameters=GPIO_Label
VP_SYS_VS_Systick.Mode=SysTick
NVIC.NonMaskableInt_IRQn=true\:0\:0\:false\:false\:true\:false\:false
PA4.GPIOParameters=GPIO_Label
TIM2.Period=1
PB15.GPIOParameters=GPIO_Label
PA13.Mode=Serial_Wire
ProjectManager.FreePins=false
RCC.IPParameters=ADCFreqValue,AHBFreq_Value,APB1Freq_Value,APB1TimFreq_Value,APB2Freq_Value,APB2TimFreq_Value,FCLKCortexFreq_Value,FamilyName,HCLKFreq_Value,HSE_VALUE,MCOFreq_Value,PLLCLKFreq_Value,PLLMCOFreq_Value,PLLSourceVirtual,RTCFreq_Value,SYSCLKFreq_VALUE,SYSCLKSource,TimSysFreq_Value,USBFreq_Value,VCOOutput2Freq_Value
ProjectManager.AskForMigrate=true
Mcu.Name=STM32F103C(8-B)Tx
Mcu.Pin26=PB7
Mcu.Pin27=PB8
Mcu.Pin24=PB5
ProjectManager.UnderRoot=false
Mcu.Pin25=PB6
Mcu.IP8=USART1
Mcu.Pin28=PB9
Mcu.IP6=TIM1
Mcu.Pin29=VP_RTC_VS_RTC_Activate
Mcu.IP7=TIM2
ProjectManager.CoupleFile=false
PB4.Locked=true
PB3.Signal=GPIO_Input
PA4.Signal=GPIO_Output
RCC.SYSCLKFreq_VALUE=4000000
PB5.Signal=GPXTI5
Mcu.Pin22=PB3
Mcu.Pin23=PB4
RCC.TimSysFreq_Value=4000000
PA7.GPIO_Label=SIN_3V3
Mcu.Pin20=PA14
Mcu.Pin21=PA15
SH.GPXTI4.0=GPIO_EXTI4
PA5.GPIO_Label=SCLK_3V3
NVIC.ForceEnableDMAVector=true
KeepUserPlacement=false
NVIC.MemoryManagement_IRQn=true\:0\:0\:false\:false\:true\:false\:false
PA13.Locked=true
USART1.VirtualMode=VM_ASYNC
ProjectManager.CompilerOptimize=6
PB7.Mode=I2C
PA11.Signal=S_TIM1_CH4
NVIC.EXTI9_5_IRQn=true\:2\:0\:true\:false\:true\:true\:true
PA14.Signal=SYS_JTCK-SWCLK
ProjectManager.HeapSize=0x400
Mcu.Pin15=PA8
NVIC.HardFault_IRQn=true\:0\:0\:false\:false\:true\:false\:false
Mcu.Pin16=PA9
Mcu.Pin13=PB14
SH.GPXTI4.ConfNb=1
Mcu.Pin14=PB15
Mcu.Pin19=PA13
ProjectManager.ComputerToolchain=false
Mcu.Pin17=PA10
Mcu.Pin18=PA11
NVIC.PriorityGroup=NVIC_PRIORITYGROUP_4
Mcu.Pin11=PB12
Mcu.Pin12=PB13
Mcu.Pin10=PB11
PB8.Signal=GPIO_Output
RCC.APB1Freq_Value=4000000
PB0.Signal=GPIO_Output
PA7.GPIOParameters=GPIO_Label
SH.S_TIM1_CH4.ConfNb=1
PB11.Locked=true
ProjectManager.DeviceId=STM32F103C8Tx
PB12.GPIOParameters=GPIO_Label
PB12.Signal=GPIO_Output
ProjectManager.LibraryCopy=1
PB1.GPIOParameters=GPIO_Label
PA7.Signal=SPI1_MOSI
